
Microsoft Visual Studio Solution File, Format Version 12.00
# Visual Studio Version 16
VisualStudioVersion = 16.0.30223.230
MinimumVisualStudioVersion = 10.0.40219.1
Project("{FAE04EC0-301F-11D3-BF4B-00C04F79EFBC}") = "01. Email Validator", "01. Email Validator\01. Email Validator.csproj", "{CE18642E-A524-4275-AF0F-5901DC6BA88E}"
EndProject
Project("{FAE04EC0-301F-11D3-BF4B-00C04F79EFBC}") = "03. Inbox Manager", "03. Inbox Manager\03. Inbox Manager.csproj", "{61FBB280-9803-407A-936C-1209E921DFF0}"
EndProject
Project("{FAE04EC0-301F-11D3-BF4B-00C04F79EFBC}") = "02. Registration", "02. Registration\02. Registration.csproj", "{D9D59AE0-6A54-4CCC-9182-BC5BFEECEBB5}"
EndProject
Global
	GlobalSection(SolutionConfigurationPlatforms) = preSolution
		Debug|Any CPU = Debug|Any CPU
		Release|Any CPU = Release|Any CPU
	EndGlobalSection
	GlobalSection(ProjectConfigurationPlatforms) = postSolution
		{CE18642E-A524-4275-AF0F-5901DC6BA88E}.Debug|Any CPU.ActiveCfg = Debug|Any CPU
		{CE18642E-A524-4275-AF0F-5901DC6BA88E}.Debug|Any CPU.Build.0 = Debug|Any CPU
		{CE18642E-A524-4275-AF0F-5901DC6BA88E}.Release|Any CPU.ActiveCfg = Release|Any CPU
		{CE18642E-A524-4275-AF0F-5901DC6BA88E}.Release|Any CPU.Build.0 = Release|Any CPU
		{61FBB280-9803-407A-936C-1209E921DFF0}.Debug|Any CPU.ActiveCfg = Debug|Any CPU
		{61FBB280-9803-407A-936C-1209E921DFF0}.Debug|Any CPU.Build.0 = Debug|Any CPU
		{61FBB280-9803-407A-936C-1209E921DFF0}.Release|Any CPU.ActiveCfg = Release|Any CPU
		{61FBB280-9803-407A-936C-1209E921DFF0}.Release|Any CPU.Build.0 = Release|Any CPU
		{D9D59AE0-6A54-4CCC-9182-BC5BFEECEBB5}.Debug|Any CPU.ActiveCfg = Debug|Any CPU
		{D9D59AE0-6A54-4CCC-9182-BC5BFEECEBB5}.Debug|Any CPU.Build.0 = Debug|Any CPU
		{D9D59AE0-6A54-4CCC-9182-BC5BFEECEBB5}.Release|Any CPU.ActiveCfg = Release|Any CPU
		{D9D59AE0-6A54-4CCC-9182-BC5BFEECEBB5}.Release|Any CPU.Build.0 = Release|Any CPU
	EndGlobalSection
	GlobalSection(SolutionProperties) = preSolution
		HideSolutionNode = FALSE
	EndGlobalSection
	GlobalSection(ExtensibilityGlobals) = postSolution
		SolutionGuid = {70A59D27-D322-4B16-8FB0-9F7BF5C178FE}
	EndGlobalSection
EndGlobal
