
Microsoft Visual Studio Solution File, Format Version 12.00
# Visual Studio Version 16
VisualStudioVersion = 16.0.30128.36
MinimumVisualStudioVersion = 10.0.40219.1
Project("{FAE04EC0-301F-11D3-BF4B-00C04F79EFBC}") = "01_Disneyland_Journey", "01_Disneyland_Journey\01_Disneyland_Journey.csproj", "{6885220D-E868-4BCA-92FE-8D8EC5ADFCCE}"
EndProject
Project("{FAE04EC0-301F-11D3-BF4B-00C04F79EFBC}") = "02_Archery_Tournament", "02_Archery_Tournament\02_Archery_Tournament.csproj", "{D646E1BF-CAB9-4A5E-883C-A0FBB05A1DB2}"
EndProject
Project("{FAE04EC0-301F-11D3-BF4B-00C04F79EFBC}") = "03_School_Library", "03_School_Library\03_School_Library.csproj", "{09CA1136-C94D-4BC6-AAE5-62C6EF328A5A}"
EndProject
Global
	GlobalSection(SolutionConfigurationPlatforms) = preSolution
		Debug|Any CPU = Debug|Any CPU
		Release|Any CPU = Release|Any CPU
	EndGlobalSection
	GlobalSection(ProjectConfigurationPlatforms) = postSolution
		{6885220D-E868-4BCA-92FE-8D8EC5ADFCCE}.Debug|Any CPU.ActiveCfg = Debug|Any CPU
		{6885220D-E868-4BCA-92FE-8D8EC5ADFCCE}.Debug|Any CPU.Build.0 = Debug|Any CPU
		{6885220D-E868-4BCA-92FE-8D8EC5ADFCCE}.Release|Any CPU.ActiveCfg = Release|Any CPU
		{6885220D-E868-4BCA-92FE-8D8EC5ADFCCE}.Release|Any CPU.Build.0 = Release|Any CPU
		{D646E1BF-CAB9-4A5E-883C-A0FBB05A1DB2}.Debug|Any CPU.ActiveCfg = Debug|Any CPU
		{D646E1BF-CAB9-4A5E-883C-A0FBB05A1DB2}.Debug|Any CPU.Build.0 = Debug|Any CPU
		{D646E1BF-CAB9-4A5E-883C-A0FBB05A1DB2}.Release|Any CPU.ActiveCfg = Release|Any CPU
		{D646E1BF-CAB9-4A5E-883C-A0FBB05A1DB2}.Release|Any CPU.Build.0 = Release|Any CPU
		{09CA1136-C94D-4BC6-AAE5-62C6EF328A5A}.Debug|Any CPU.ActiveCfg = Debug|Any CPU
		{09CA1136-C94D-4BC6-AAE5-62C6EF328A5A}.Debug|Any CPU.Build.0 = Debug|Any CPU
		{09CA1136-C94D-4BC6-AAE5-62C6EF328A5A}.Release|Any CPU.ActiveCfg = Release|Any CPU
		{09CA1136-C94D-4BC6-AAE5-62C6EF328A5A}.Release|Any CPU.Build.0 = Release|Any CPU
	EndGlobalSection
	GlobalSection(SolutionProperties) = preSolution
		HideSolutionNode = FALSE
	EndGlobalSection
	GlobalSection(ExtensibilityGlobals) = postSolution
		SolutionGuid = {ED3DCB17-105A-45FE-9D4A-EB617C9CF601}
	EndGlobalSection
EndGlobal
