
Microsoft Visual Studio Solution File, Format Version 12.00
# Visual Studio Version 16
VisualStudioVersion = 16.0.30218.91
MinimumVisualStudioVersion = 10.0.40219.1
Project("{FAE04EC0-301F-11D3-BF4B-00C04F79EFBC}") = "01. Nikulden’s Charity", "01. Nikulden’s Charity\01. Nikulden’s Charity.csproj", "{899A4D6A-9446-4B42-8580-577C711BC5E6}"
EndProject
Project("{FAE04EC0-301F-11D3-BF4B-00C04F79EFBC}") = "02. Message Translator", "02. Message Translator\02. Message Translator.csproj", "{E85C6074-EF7E-4FC0-A239-0684C5FB876D}"
EndProject
Project("{FAE04EC0-301F-11D3-BF4B-00C04F79EFBC}") = "03. Nikulden’s meals", "03. Nikulden’s meals\03. Nikulden’s meals.csproj", "{500AECA7-E941-4E90-B4A5-7980F0E37B5D}"
EndProject
Global
	GlobalSection(SolutionConfigurationPlatforms) = preSolution
		Debug|Any CPU = Debug|Any CPU
		Release|Any CPU = Release|Any CPU
	EndGlobalSection
	GlobalSection(ProjectConfigurationPlatforms) = postSolution
		{899A4D6A-9446-4B42-8580-577C711BC5E6}.Debug|Any CPU.ActiveCfg = Debug|Any CPU
		{899A4D6A-9446-4B42-8580-577C711BC5E6}.Debug|Any CPU.Build.0 = Debug|Any CPU
		{899A4D6A-9446-4B42-8580-577C711BC5E6}.Release|Any CPU.ActiveCfg = Release|Any CPU
		{899A4D6A-9446-4B42-8580-577C711BC5E6}.Release|Any CPU.Build.0 = Release|Any CPU
		{E85C6074-EF7E-4FC0-A239-0684C5FB876D}.Debug|Any CPU.ActiveCfg = Debug|Any CPU
		{E85C6074-EF7E-4FC0-A239-0684C5FB876D}.Debug|Any CPU.Build.0 = Debug|Any CPU
		{E85C6074-EF7E-4FC0-A239-0684C5FB876D}.Release|Any CPU.ActiveCfg = Release|Any CPU
		{E85C6074-EF7E-4FC0-A239-0684C5FB876D}.Release|Any CPU.Build.0 = Release|Any CPU
		{500AECA7-E941-4E90-B4A5-7980F0E37B5D}.Debug|Any CPU.ActiveCfg = Debug|Any CPU
		{500AECA7-E941-4E90-B4A5-7980F0E37B5D}.Debug|Any CPU.Build.0 = Debug|Any CPU
		{500AECA7-E941-4E90-B4A5-7980F0E37B5D}.Release|Any CPU.ActiveCfg = Release|Any CPU
		{500AECA7-E941-4E90-B4A5-7980F0E37B5D}.Release|Any CPU.Build.0 = Release|Any CPU
	EndGlobalSection
	GlobalSection(SolutionProperties) = preSolution
		HideSolutionNode = FALSE
	EndGlobalSection
	GlobalSection(ExtensibilityGlobals) = postSolution
		SolutionGuid = {32DC3FA3-417E-4B36-89A3-8D2583C2DFEA}
	EndGlobalSection
EndGlobal
