
Microsoft Visual Studio Solution File, Format Version 12.00
# Visual Studio Version 16
VisualStudioVersion = 16.0.30128.36
MinimumVisualStudioVersion = 10.0.40219.1
Project("{FAE04EC0-301F-11D3-BF4B-00C04F79EFBC}") = "01_Password_Reset", "01_Password_Reset\01_Password_Reset.csproj", "{69FE5C19-C651-4530-B662-1D3F9503E655}"
EndProject
Project("{FAE04EC0-301F-11D3-BF4B-00C04F79EFBC}") = "02_Fancy_Barcodes", "02_Fancy_Barcodes\02_Fancy_Barcodes.csproj", "{AC0BD024-466F-46FF-9891-28D7EFE3B661}"
EndProject
Project("{FAE04EC0-301F-11D3-BF4B-00C04F79EFBC}") = "03_Heroes_of_Code_and_Logic_VII", "03_Heroes_of_Code_and_Logic_VII\03_Heroes_of_Code_and_Logic_VII.csproj", "{7C49CF5D-117B-4A05-AEB2-E70AD5DDA751}"
EndProject
Global
	GlobalSection(SolutionConfigurationPlatforms) = preSolution
		Debug|Any CPU = Debug|Any CPU
		Release|Any CPU = Release|Any CPU
	EndGlobalSection
	GlobalSection(ProjectConfigurationPlatforms) = postSolution
		{69FE5C19-C651-4530-B662-1D3F9503E655}.Debug|Any CPU.ActiveCfg = Debug|Any CPU
		{69FE5C19-C651-4530-B662-1D3F9503E655}.Debug|Any CPU.Build.0 = Debug|Any CPU
		{69FE5C19-C651-4530-B662-1D3F9503E655}.Release|Any CPU.ActiveCfg = Release|Any CPU
		{69FE5C19-C651-4530-B662-1D3F9503E655}.Release|Any CPU.Build.0 = Release|Any CPU
		{AC0BD024-466F-46FF-9891-28D7EFE3B661}.Debug|Any CPU.ActiveCfg = Debug|Any CPU
		{AC0BD024-466F-46FF-9891-28D7EFE3B661}.Debug|Any CPU.Build.0 = Debug|Any CPU
		{AC0BD024-466F-46FF-9891-28D7EFE3B661}.Release|Any CPU.ActiveCfg = Release|Any CPU
		{AC0BD024-466F-46FF-9891-28D7EFE3B661}.Release|Any CPU.Build.0 = Release|Any CPU
		{7C49CF5D-117B-4A05-AEB2-E70AD5DDA751}.Debug|Any CPU.ActiveCfg = Debug|Any CPU
		{7C49CF5D-117B-4A05-AEB2-E70AD5DDA751}.Debug|Any CPU.Build.0 = Debug|Any CPU
		{7C49CF5D-117B-4A05-AEB2-E70AD5DDA751}.Release|Any CPU.ActiveCfg = Release|Any CPU
		{7C49CF5D-117B-4A05-AEB2-E70AD5DDA751}.Release|Any CPU.Build.0 = Release|Any CPU
	EndGlobalSection
	GlobalSection(SolutionProperties) = preSolution
		HideSolutionNode = FALSE
	EndGlobalSection
	GlobalSection(ExtensibilityGlobals) = postSolution
		SolutionGuid = {DEC1CAB0-7964-415D-A2CD-567DC72889D6}
	EndGlobalSection
EndGlobal
