
Microsoft Visual Studio Solution File, Format Version 12.00
# Visual Studio Version 16
VisualStudioVersion = 16.0.30128.36
MinimumVisualStudioVersion = 10.0.40219.1
Project("{FAE04EC0-301F-11D3-BF4B-00C04F79EFBC}") = "03_Heart_Delivery", "03_Heart_Delivery\03_Heart_Delivery.csproj", "{EEC04CC8-148E-4922-897D-108F64AD39B7}"
EndProject
Project("{FAE04EC0-301F-11D3-BF4B-00C04F79EFBC}") = "02_Shopping_List", "02_Shopping_List\02_Shopping_List.csproj", "{06F27637-DE1B-49CB-9EBF-32EFEC4993FD}"
EndProject
Project("{FAE04EC0-301F-11D3-BF4B-00C04F79EFBC}") = "01_National_Court", "01_National_Court\01_National_Court.csproj", "{E13DFE70-A8AE-4F95-9BE6-966793B0E6D5}"
EndProject
Global
	GlobalSection(SolutionConfigurationPlatforms) = preSolution
		Debug|Any CPU = Debug|Any CPU
		Release|Any CPU = Release|Any CPU
	EndGlobalSection
	GlobalSection(ProjectConfigurationPlatforms) = postSolution
		{EEC04CC8-148E-4922-897D-108F64AD39B7}.Debug|Any CPU.ActiveCfg = Debug|Any CPU
		{EEC04CC8-148E-4922-897D-108F64AD39B7}.Debug|Any CPU.Build.0 = Debug|Any CPU
		{EEC04CC8-148E-4922-897D-108F64AD39B7}.Release|Any CPU.ActiveCfg = Release|Any CPU
		{EEC04CC8-148E-4922-897D-108F64AD39B7}.Release|Any CPU.Build.0 = Release|Any CPU
		{06F27637-DE1B-49CB-9EBF-32EFEC4993FD}.Debug|Any CPU.ActiveCfg = Debug|Any CPU
		{06F27637-DE1B-49CB-9EBF-32EFEC4993FD}.Debug|Any CPU.Build.0 = Debug|Any CPU
		{06F27637-DE1B-49CB-9EBF-32EFEC4993FD}.Release|Any CPU.ActiveCfg = Release|Any CPU
		{06F27637-DE1B-49CB-9EBF-32EFEC4993FD}.Release|Any CPU.Build.0 = Release|Any CPU
		{E13DFE70-A8AE-4F95-9BE6-966793B0E6D5}.Debug|Any CPU.ActiveCfg = Debug|Any CPU
		{E13DFE70-A8AE-4F95-9BE6-966793B0E6D5}.Debug|Any CPU.Build.0 = Debug|Any CPU
		{E13DFE70-A8AE-4F95-9BE6-966793B0E6D5}.Release|Any CPU.ActiveCfg = Release|Any CPU
		{E13DFE70-A8AE-4F95-9BE6-966793B0E6D5}.Release|Any CPU.Build.0 = Release|Any CPU
	EndGlobalSection
	GlobalSection(SolutionProperties) = preSolution
		HideSolutionNode = FALSE
	EndGlobalSection
	GlobalSection(ExtensibilityGlobals) = postSolution
		SolutionGuid = {172B1066-1844-4096-AE85-3D7BD2B24324}
	EndGlobalSection
EndGlobal
