
Microsoft Visual Studio Solution File, Format Version 12.00
# Visual Studio Version 16
VisualStudioVersion = 16.0.30223.230
MinimumVisualStudioVersion = 10.0.40219.1
Project("{FAE04EC0-301F-11D3-BF4B-00C04F79EFBC}") = "01.Black Flag", "01.Black Flag\01.Black Flag.csproj", "{708E663F-0BFE-44B2-8AA7-148C84EF65BC}"
EndProject
Project("{FAE04EC0-301F-11D3-BF4B-00C04F79EFBC}") = "02.Treasure Hunt", "02.Treasure Hunt\02.Treasure Hunt.csproj", "{A9C76C3E-4C64-42D8-85AA-9DEC28604365}"
EndProject
Project("{FAE04EC0-301F-11D3-BF4B-00C04F79EFBC}") = "03. Man O War", "03. Man O War\03. Man O War.csproj", "{D1DF96AA-D84C-45CD-81ED-2F5E2BE305FA}"
EndProject
Global
	GlobalSection(SolutionConfigurationPlatforms) = preSolution
		Debug|Any CPU = Debug|Any CPU
		Release|Any CPU = Release|Any CPU
	EndGlobalSection
	GlobalSection(ProjectConfigurationPlatforms) = postSolution
		{708E663F-0BFE-44B2-8AA7-148C84EF65BC}.Debug|Any CPU.ActiveCfg = Debug|Any CPU
		{708E663F-0BFE-44B2-8AA7-148C84EF65BC}.Debug|Any CPU.Build.0 = Debug|Any CPU
		{708E663F-0BFE-44B2-8AA7-148C84EF65BC}.Release|Any CPU.ActiveCfg = Release|Any CPU
		{708E663F-0BFE-44B2-8AA7-148C84EF65BC}.Release|Any CPU.Build.0 = Release|Any CPU
		{A9C76C3E-4C64-42D8-85AA-9DEC28604365}.Debug|Any CPU.ActiveCfg = Debug|Any CPU
		{A9C76C3E-4C64-42D8-85AA-9DEC28604365}.Debug|Any CPU.Build.0 = Debug|Any CPU
		{A9C76C3E-4C64-42D8-85AA-9DEC28604365}.Release|Any CPU.ActiveCfg = Release|Any CPU
		{A9C76C3E-4C64-42D8-85AA-9DEC28604365}.Release|Any CPU.Build.0 = Release|Any CPU
		{D1DF96AA-D84C-45CD-81ED-2F5E2BE305FA}.Debug|Any CPU.ActiveCfg = Debug|Any CPU
		{D1DF96AA-D84C-45CD-81ED-2F5E2BE305FA}.Debug|Any CPU.Build.0 = Debug|Any CPU
		{D1DF96AA-D84C-45CD-81ED-2F5E2BE305FA}.Release|Any CPU.ActiveCfg = Release|Any CPU
		{D1DF96AA-D84C-45CD-81ED-2F5E2BE305FA}.Release|Any CPU.Build.0 = Release|Any CPU
	EndGlobalSection
	GlobalSection(SolutionProperties) = preSolution
		HideSolutionNode = FALSE
	EndGlobalSection
	GlobalSection(ExtensibilityGlobals) = postSolution
		SolutionGuid = {B6287A0C-0EC8-4EF3-A8FE-E2BE07C50E45}
	EndGlobalSection
EndGlobal
