
Microsoft Visual Studio Solution File, Format Version 12.00
# Visual Studio Version 16
VisualStudioVersion = 16.0.30128.36
MinimumVisualStudioVersion = 10.0.40219.1
Project("{FAE04EC0-301F-11D3-BF4B-00C04F79EFBC}") = "01_Secret_Chat", "01_Secret_Chat\01_Secret_Chat.csproj", "{23F5B9C8-ACD0-4A50-A0C0-A5E86B727C2A}"
EndProject
Project("{FAE04EC0-301F-11D3-BF4B-00C04F79EFBC}") = "02_Mirror_Words", "02_Mirror_Words\02_Mirror_Words.csproj", "{89E9AE67-A371-4842-838E-29D81B333092}"
EndProject
Project("{FAE04EC0-301F-11D3-BF4B-00C04F79EFBC}") = "03_Need_for_Speed_III", "03_Need_for_Speed_III\03_Need_for_Speed_III.csproj", "{1BF42C70-773C-4E2B-9092-EC6BA97716F0}"
EndProject
Global
	GlobalSection(SolutionConfigurationPlatforms) = preSolution
		Debug|Any CPU = Debug|Any CPU
		Release|Any CPU = Release|Any CPU
	EndGlobalSection
	GlobalSection(ProjectConfigurationPlatforms) = postSolution
		{23F5B9C8-ACD0-4A50-A0C0-A5E86B727C2A}.Debug|Any CPU.ActiveCfg = Debug|Any CPU
		{23F5B9C8-ACD0-4A50-A0C0-A5E86B727C2A}.Debug|Any CPU.Build.0 = Debug|Any CPU
		{23F5B9C8-ACD0-4A50-A0C0-A5E86B727C2A}.Release|Any CPU.ActiveCfg = Release|Any CPU
		{23F5B9C8-ACD0-4A50-A0C0-A5E86B727C2A}.Release|Any CPU.Build.0 = Release|Any CPU
		{89E9AE67-A371-4842-838E-29D81B333092}.Debug|Any CPU.ActiveCfg = Debug|Any CPU
		{89E9AE67-A371-4842-838E-29D81B333092}.Debug|Any CPU.Build.0 = Debug|Any CPU
		{89E9AE67-A371-4842-838E-29D81B333092}.Release|Any CPU.ActiveCfg = Release|Any CPU
		{89E9AE67-A371-4842-838E-29D81B333092}.Release|Any CPU.Build.0 = Release|Any CPU
		{1BF42C70-773C-4E2B-9092-EC6BA97716F0}.Debug|Any CPU.ActiveCfg = Debug|Any CPU
		{1BF42C70-773C-4E2B-9092-EC6BA97716F0}.Debug|Any CPU.Build.0 = Debug|Any CPU
		{1BF42C70-773C-4E2B-9092-EC6BA97716F0}.Release|Any CPU.ActiveCfg = Release|Any CPU
		{1BF42C70-773C-4E2B-9092-EC6BA97716F0}.Release|Any CPU.Build.0 = Release|Any CPU
	EndGlobalSection
	GlobalSection(SolutionProperties) = preSolution
		HideSolutionNode = FALSE
	EndGlobalSection
	GlobalSection(ExtensibilityGlobals) = postSolution
		SolutionGuid = {543CBB65-FE74-4667-A18F-166D93A3E80B}
	EndGlobalSection
EndGlobal
