
Microsoft Visual Studio Solution File, Format Version 12.00
# Visual Studio Version 16
VisualStudioVersion = 16.0.30223.230
MinimumVisualStudioVersion = 10.0.40219.1
Project("{FAE04EC0-301F-11D3-BF4B-00C04F79EFBC}") = "01. Biscuits Factory", "01. Biscuits Factory\01. Biscuits Factory.csproj", "{18A555E6-AAB7-4E96-8230-958C0540F906}"
EndProject
Project("{FAE04EC0-301F-11D3-BF4B-00C04F79EFBC}") = "02. Weaponsmith", "02. Weaponsmith\02. Weaponsmith.csproj", "{7DC73171-912A-4FB3-9FB7-861DB6C934D3}"
EndProject
Project("{FAE04EC0-301F-11D3-BF4B-00C04F79EFBC}") = "03. Wizard Poker", "03. Wizard Poker\03. Wizard Poker.csproj", "{116D7426-12EE-4FB4-9A68-CBA837AC2C61}"
EndProject
Global
	GlobalSection(SolutionConfigurationPlatforms) = preSolution
		Debug|Any CPU = Debug|Any CPU
		Release|Any CPU = Release|Any CPU
	EndGlobalSection
	GlobalSection(ProjectConfigurationPlatforms) = postSolution
		{18A555E6-AAB7-4E96-8230-958C0540F906}.Debug|Any CPU.ActiveCfg = Debug|Any CPU
		{18A555E6-AAB7-4E96-8230-958C0540F906}.Debug|Any CPU.Build.0 = Debug|Any CPU
		{18A555E6-AAB7-4E96-8230-958C0540F906}.Release|Any CPU.ActiveCfg = Release|Any CPU
		{18A555E6-AAB7-4E96-8230-958C0540F906}.Release|Any CPU.Build.0 = Release|Any CPU
		{7DC73171-912A-4FB3-9FB7-861DB6C934D3}.Debug|Any CPU.ActiveCfg = Debug|Any CPU
		{7DC73171-912A-4FB3-9FB7-861DB6C934D3}.Debug|Any CPU.Build.0 = Debug|Any CPU
		{7DC73171-912A-4FB3-9FB7-861DB6C934D3}.Release|Any CPU.ActiveCfg = Release|Any CPU
		{7DC73171-912A-4FB3-9FB7-861DB6C934D3}.Release|Any CPU.Build.0 = Release|Any CPU
		{116D7426-12EE-4FB4-9A68-CBA837AC2C61}.Debug|Any CPU.ActiveCfg = Debug|Any CPU
		{116D7426-12EE-4FB4-9A68-CBA837AC2C61}.Debug|Any CPU.Build.0 = Debug|Any CPU
		{116D7426-12EE-4FB4-9A68-CBA837AC2C61}.Release|Any CPU.ActiveCfg = Release|Any CPU
		{116D7426-12EE-4FB4-9A68-CBA837AC2C61}.Release|Any CPU.Build.0 = Release|Any CPU
	EndGlobalSection
	GlobalSection(SolutionProperties) = preSolution
		HideSolutionNode = FALSE
	EndGlobalSection
	GlobalSection(ExtensibilityGlobals) = postSolution
		SolutionGuid = {BECCC674-D738-42F7-95EE-2BBD0B705711}
	EndGlobalSection
EndGlobal
