
Microsoft Visual Studio Solution File, Format Version 12.00
# Visual Studio Version 16
VisualStudioVersion = 16.0.30128.36
MinimumVisualStudioVersion = 10.0.40219.1
Project("{9A19103F-16F7-4668-BE54-9A1E7A4F7556}") = "01_Counter_Strike", "01_Counter_Strike\01_Counter_Strike.csproj", "{50DA2E9F-CF40-462D-8979-0CCEFB1A7966}"
EndProject
Project("{FAE04EC0-301F-11D3-BF4B-00C04F79EFBC}") = "02_Shoot_for_the_Win", "02_Shoot_for_the_Win\02_Shoot_for_the_Win.csproj", "{514EAFB3-B6B5-433F-8B77-F3AEC7B00580}"
EndProject
Project("{FAE04EC0-301F-11D3-BF4B-00C04F79EFBC}") = "03_Moving_Target", "_03_Moving_Target\03_Moving_Target.csproj", "{CD823CFE-95F7-44FF-ADAB-8FA005894764}"
EndProject
Global
	GlobalSection(SolutionConfigurationPlatforms) = preSolution
		Debug|Any CPU = Debug|Any CPU
		Release|Any CPU = Release|Any CPU
	EndGlobalSection
	GlobalSection(ProjectConfigurationPlatforms) = postSolution
		{50DA2E9F-CF40-462D-8979-0CCEFB1A7966}.Debug|Any CPU.ActiveCfg = Debug|Any CPU
		{50DA2E9F-CF40-462D-8979-0CCEFB1A7966}.Debug|Any CPU.Build.0 = Debug|Any CPU
		{50DA2E9F-CF40-462D-8979-0CCEFB1A7966}.Release|Any CPU.ActiveCfg = Release|Any CPU
		{50DA2E9F-CF40-462D-8979-0CCEFB1A7966}.Release|Any CPU.Build.0 = Release|Any CPU
		{514EAFB3-B6B5-433F-8B77-F3AEC7B00580}.Debug|Any CPU.ActiveCfg = Debug|Any CPU
		{514EAFB3-B6B5-433F-8B77-F3AEC7B00580}.Debug|Any CPU.Build.0 = Debug|Any CPU
		{514EAFB3-B6B5-433F-8B77-F3AEC7B00580}.Release|Any CPU.ActiveCfg = Release|Any CPU
		{514EAFB3-B6B5-433F-8B77-F3AEC7B00580}.Release|Any CPU.Build.0 = Release|Any CPU
		{CD823CFE-95F7-44FF-ADAB-8FA005894764}.Debug|Any CPU.ActiveCfg = Debug|Any CPU
		{CD823CFE-95F7-44FF-ADAB-8FA005894764}.Debug|Any CPU.Build.0 = Debug|Any CPU
		{CD823CFE-95F7-44FF-ADAB-8FA005894764}.Release|Any CPU.ActiveCfg = Release|Any CPU
		{CD823CFE-95F7-44FF-ADAB-8FA005894764}.Release|Any CPU.Build.0 = Release|Any CPU
	EndGlobalSection
	GlobalSection(SolutionProperties) = preSolution
		HideSolutionNode = FALSE
	EndGlobalSection
	GlobalSection(ExtensibilityGlobals) = postSolution
		SolutionGuid = {F918836E-44F5-4AAB-A787-55725B604EA3}
	EndGlobalSection
EndGlobal
