
Microsoft Visual Studio Solution File, Format Version 12.00
# Visual Studio Version 16
VisualStudioVersion = 16.0.30128.36
MinimumVisualStudioVersion = 10.0.40219.1
Project("{FAE04EC0-301F-11D3-BF4B-00C04F79EFBC}") = "03_Hero_Recruitment", "03_Hero_Recruitment\03_Hero_Recruitment.csproj", "{61682CA1-4E46-4206-A455-9B862EE6FDA5}"
EndProject
Project("{FAE04EC0-301F-11D3-BF4B-00C04F79EFBC}") = "02_Boss_Rush", "02_Boss_Rush\02_Boss_Rush.csproj", "{4EED5D37-7AF4-4F40-B240-C99695028A92}"
EndProject
Project("{FAE04EC0-301F-11D3-BF4B-00C04F79EFBC}") = "01_Warriors_Quest", "01_Warriors_Quest\01_Warriors_Quest.csproj", "{217907E9-B309-4B31-8A80-508277D92DAA}"
EndProject
Global
	GlobalSection(SolutionConfigurationPlatforms) = preSolution
		Debug|Any CPU = Debug|Any CPU
		Release|Any CPU = Release|Any CPU
	EndGlobalSection
	GlobalSection(ProjectConfigurationPlatforms) = postSolution
		{61682CA1-4E46-4206-A455-9B862EE6FDA5}.Debug|Any CPU.ActiveCfg = Debug|Any CPU
		{61682CA1-4E46-4206-A455-9B862EE6FDA5}.Debug|Any CPU.Build.0 = Debug|Any CPU
		{61682CA1-4E46-4206-A455-9B862EE6FDA5}.Release|Any CPU.ActiveCfg = Release|Any CPU
		{61682CA1-4E46-4206-A455-9B862EE6FDA5}.Release|Any CPU.Build.0 = Release|Any CPU
		{4EED5D37-7AF4-4F40-B240-C99695028A92}.Debug|Any CPU.ActiveCfg = Debug|Any CPU
		{4EED5D37-7AF4-4F40-B240-C99695028A92}.Debug|Any CPU.Build.0 = Debug|Any CPU
		{4EED5D37-7AF4-4F40-B240-C99695028A92}.Release|Any CPU.ActiveCfg = Release|Any CPU
		{4EED5D37-7AF4-4F40-B240-C99695028A92}.Release|Any CPU.Build.0 = Release|Any CPU
		{217907E9-B309-4B31-8A80-508277D92DAA}.Debug|Any CPU.ActiveCfg = Debug|Any CPU
		{217907E9-B309-4B31-8A80-508277D92DAA}.Debug|Any CPU.Build.0 = Debug|Any CPU
		{217907E9-B309-4B31-8A80-508277D92DAA}.Release|Any CPU.ActiveCfg = Release|Any CPU
		{217907E9-B309-4B31-8A80-508277D92DAA}.Release|Any CPU.Build.0 = Release|Any CPU
	EndGlobalSection
	GlobalSection(SolutionProperties) = preSolution
		HideSolutionNode = FALSE
	EndGlobalSection
	GlobalSection(ExtensibilityGlobals) = postSolution
		SolutionGuid = {034A09F4-EA58-4939-B3C5-602A1079426E}
	EndGlobalSection
EndGlobal
